
Microsoft Visual Studio Solution File, Format Version 12.00
# Visual Studio 15
VisualStudioVersion = 15.0.27130.2036
MinimumVisualStudioVersion = 10.0.40219.1
Project("{9A19103F-16F7-4668-BE54-9A1E7A4F7556}") = "Csi.Helpers.Azure", "src\Csi.Helpers.Azure\Csi.Helpers.Azure.csproj", "{CE2A1683-7327-47AA-AC96-3BCF77135D09}"
EndProject
Project("{FAE04EC0-301F-11D3-BF4B-00C04F79EFBC}") = "Csi.Helpers.Azure.Tests", "tests\Csi.Helpers.Azure.Tests\Csi.Helpers.Azure.Tests.csproj", "{E38A5FAB-F148-416C-BF3D-E3BC76406AE2}"
EndProject
Global
	GlobalSection(SolutionConfigurationPlatforms) = preSolution
		Debug|Any CPU = Debug|Any CPU
		Release|Any CPU = Release|Any CPU
	EndGlobalSection
	GlobalSection(ProjectConfigurationPlatforms) = postSolution
		{CE2A1683-7327-47AA-AC96-3BCF77135D09}.Debug|Any CPU.ActiveCfg = Debug|Any CPU
		{CE2A1683-7327-47AA-AC96-3BCF77135D09}.Debug|Any CPU.Build.0 = Debug|Any CPU
		{CE2A1683-7327-47AA-AC96-3BCF77135D09}.Release|Any CPU.ActiveCfg = Release|Any CPU
		{CE2A1683-7327-47AA-AC96-3BCF77135D09}.Release|Any CPU.Build.0 = Release|Any CPU
		{E38A5FAB-F148-416C-BF3D-E3BC76406AE2}.Debug|Any CPU.ActiveCfg = Debug|Any CPU
		{E38A5FAB-F148-416C-BF3D-E3BC76406AE2}.Debug|Any CPU.Build.0 = Debug|Any CPU
		{E38A5FAB-F148-416C-BF3D-E3BC76406AE2}.Release|Any CPU.ActiveCfg = Release|Any CPU
		{E38A5FAB-F148-416C-BF3D-E3BC76406AE2}.Release|Any CPU.Build.0 = Release|Any CPU
	EndGlobalSection
	GlobalSection(SolutionProperties) = preSolution
		HideSolutionNode = FALSE
	EndGlobalSection
	GlobalSection(ExtensibilityGlobals) = postSolution
		SolutionGuid = {6AD9201E-8DD1-449A-8331-29AEE4684502}
	EndGlobalSection
EndGlobal
